
Microsoft Visual Studio Solution File, Format Version 12.00
# Visual Studio 15
VisualStudioVersion = 15.0.27703.2026
MinimumVisualStudioVersion = 10.0.40219.1
Project("{8BC9CEB8-8B4A-11D0-8D11-00A0C91BC942}") = "Win32_Camera", "Win32_Camera\Win32_Camera.vcxproj", "{DFF698BF-2BB8-4A01-8CE1-B8A61285FD5E}"
EndProject
Global
	GlobalSection(SolutionConfigurationPlatforms) = preSolution
		Debug|x64 = Debug|x64
		Debug|x86 = Debug|x86
		Release|x64 = Release|x64
		Release|x86 = Release|x86
	EndGlobalSection
	GlobalSection(ProjectConfigurationPlatforms) = postSolution
		{DFF698BF-2BB8-4A01-8CE1-B8A61285FD5E}.Debug|x64.ActiveCfg = Debug|x64
		{DFF698BF-2BB8-4A01-8CE1-B8A61285FD5E}.Debug|x64.Build.0 = Debug|x64
		{DFF698BF-2BB8-4A01-8CE1-B8A61285FD5E}.Debug|x86.ActiveCfg = Debug|Win32
		{DFF698BF-2BB8-4A01-8CE1-B8A61285FD5E}.Debug|x86.Build.0 = Debug|Win32
		{DFF698BF-2BB8-4A01-8CE1-B8A61285FD5E}.Release|x64.ActiveCfg = Release|x64
		{DFF698BF-2BB8-4A01-8CE1-B8A61285FD5E}.Release|x64.Build.0 = Release|x64
		{DFF698BF-2BB8-4A01-8CE1-B8A61285FD5E}.Release|x86.ActiveCfg = Release|Win32
		{DFF698BF-2BB8-4A01-8CE1-B8A61285FD5E}.Release|x86.Build.0 = Release|Win32
	EndGlobalSection
	GlobalSection(SolutionProperties) = preSolution
		HideSolutionNode = FALSE
	EndGlobalSection
	GlobalSection(ExtensibilityGlobals) = postSolution
		SolutionGuid = {29E2D895-420D-4D7A-AFC4-733C598F7952}
	EndGlobalSection
EndGlobal
